
Microsoft Visual Studio Solution File, Format Version 12.00
Project("{FAE04EC0-301F-11D3-BF4B-00C04F79EFBC}") = "DotLurker", "DotLurker.csproj", "{8D101548-C7D8-4868-AF1D-21EB1C6A180C}"
EndProject
Project("{FAE04EC0-301F-11D3-BF4B-00C04F79EFBC}") = "DotLurker.Sut", "..\DotLurker.Sut\DotLurker.Sut\DotLurker.Sut.csproj", "{863A300F-7608-4E9E-8C7D-A41472BFA3E0}"
EndProject
Project("{FAE04EC0-301F-11D3-BF4B-00C04F79EFBC}") = "DotLurker.Web", "..\DotLurker.Web\DotLurker.Web\DotLurker.Web.csproj", "{5BB10B74-BB81-458E-B0C7-C04D972D181D}"
EndProject
Project("{FAE04EC0-301F-11D3-BF4B-00C04F79EFBC}") = "DotLurker.CodeGenerator", "..\DotLurker.CodeGenerator\DotLurker.CodeGenerator\DotLurker.CodeGenerator.csproj", "{BD577958-A064-4CDF-8DAD-08A8A9655D50}"
EndProject
Global
	GlobalSection(SolutionConfigurationPlatforms) = preSolution
		Debug|Any CPU = Debug|Any CPU
		Release|Any CPU = Release|Any CPU
	EndGlobalSection
	GlobalSection(ProjectConfigurationPlatforms) = postSolution
		{8D101548-C7D8-4868-AF1D-21EB1C6A180C}.Debug|Any CPU.ActiveCfg = Debug|Any CPU
		{8D101548-C7D8-4868-AF1D-21EB1C6A180C}.Debug|Any CPU.Build.0 = Debug|Any CPU
		{8D101548-C7D8-4868-AF1D-21EB1C6A180C}.Release|Any CPU.ActiveCfg = Release|Any CPU
		{8D101548-C7D8-4868-AF1D-21EB1C6A180C}.Release|Any CPU.Build.0 = Release|Any CPU
		{863A300F-7608-4E9E-8C7D-A41472BFA3E0}.Debug|Any CPU.ActiveCfg = Debug|Any CPU
		{863A300F-7608-4E9E-8C7D-A41472BFA3E0}.Debug|Any CPU.Build.0 = Debug|Any CPU
		{863A300F-7608-4E9E-8C7D-A41472BFA3E0}.Release|Any CPU.ActiveCfg = Release|Any CPU
		{863A300F-7608-4E9E-8C7D-A41472BFA3E0}.Release|Any CPU.Build.0 = Release|Any CPU
		{5BB10B74-BB81-458E-B0C7-C04D972D181D}.Debug|Any CPU.ActiveCfg = Debug|Any CPU
		{5BB10B74-BB81-458E-B0C7-C04D972D181D}.Debug|Any CPU.Build.0 = Debug|Any CPU
		{5BB10B74-BB81-458E-B0C7-C04D972D181D}.Release|Any CPU.ActiveCfg = Release|Any CPU
		{5BB10B74-BB81-458E-B0C7-C04D972D181D}.Release|Any CPU.Build.0 = Release|Any CPU
		{BD577958-A064-4CDF-8DAD-08A8A9655D50}.Debug|Any CPU.ActiveCfg = Debug|Any CPU
		{BD577958-A064-4CDF-8DAD-08A8A9655D50}.Debug|Any CPU.Build.0 = Debug|Any CPU
		{BD577958-A064-4CDF-8DAD-08A8A9655D50}.Release|Any CPU.ActiveCfg = Release|Any CPU
		{BD577958-A064-4CDF-8DAD-08A8A9655D50}.Release|Any CPU.Build.0 = Release|Any CPU
	EndGlobalSection
EndGlobal
